
Microsoft Visual Studio Solution File, Format Version 12.00
# Visual Studio Version 16
VisualStudioVersion = 16.0.30204.135
MinimumVisualStudioVersion = 10.0.40219.1
Project("{9A19103F-16F7-4668-BE54-9A1E7A4F7556}") = "Shop.API.Order", "Shop.API.Order\Shop.API.Order.csproj", "{F10188D1-89E3-40EC-811B-CF141D20E976}"
EndProject
Project("{FAE04EC0-301F-11D3-BF4B-00C04F79EFBC}") = "Shop.API.Shipping", "Shop.API.Shipping\Shop.API.Shipping.csproj", "{5ADDCD54-0FAA-4BFA-B122-B10DA649ED16}"
EndProject
Global
	GlobalSection(SolutionConfigurationPlatforms) = preSolution
		Debug|Any CPU = Debug|Any CPU
		Release|Any CPU = Release|Any CPU
	EndGlobalSection
	GlobalSection(ProjectConfigurationPlatforms) = postSolution
		{F10188D1-89E3-40EC-811B-CF141D20E976}.Debug|Any CPU.ActiveCfg = Debug|Any CPU
		{F10188D1-89E3-40EC-811B-CF141D20E976}.Debug|Any CPU.Build.0 = Debug|Any CPU
		{F10188D1-89E3-40EC-811B-CF141D20E976}.Release|Any CPU.ActiveCfg = Release|Any CPU
		{F10188D1-89E3-40EC-811B-CF141D20E976}.Release|Any CPU.Build.0 = Release|Any CPU
		{5ADDCD54-0FAA-4BFA-B122-B10DA649ED16}.Debug|Any CPU.ActiveCfg = Debug|Any CPU
		{5ADDCD54-0FAA-4BFA-B122-B10DA649ED16}.Debug|Any CPU.Build.0 = Debug|Any CPU
		{5ADDCD54-0FAA-4BFA-B122-B10DA649ED16}.Release|Any CPU.ActiveCfg = Release|Any CPU
		{5ADDCD54-0FAA-4BFA-B122-B10DA649ED16}.Release|Any CPU.Build.0 = Release|Any CPU
	EndGlobalSection
	GlobalSection(SolutionProperties) = preSolution
		HideSolutionNode = FALSE
	EndGlobalSection
	GlobalSection(ExtensibilityGlobals) = postSolution
		SolutionGuid = {5EB1C541-619A-4D3C-972A-78FE56346EED}
	EndGlobalSection
EndGlobal
